
Microsoft Visual Studio Solution File, Format Version 12.00
# Visual Studio Version 16
VisualStudioVersion = 16.0.29721.120
MinimumVisualStudioVersion = 10.0.40219.1
Project("{FAE04EC0-301F-11D3-BF4B-00C04F79EFBC}") = "DataGridViewAutoFilterDemo", "DataGridViewAutoFilterDemo\DataGridViewAutoFilterDemo.csproj", "{89F27D02-59D7-4CA5-A79B-7108CB1B6379}"
EndProject
Global
	GlobalSection(SolutionConfigurationPlatforms) = preSolution
		Debug|Any CPU = Debug|Any CPU
		Release|Any CPU = Release|Any CPU
	EndGlobalSection
	GlobalSection(ProjectConfigurationPlatforms) = postSolution
		{89F27D02-59D7-4CA5-A79B-7108CB1B6379}.Debug|Any CPU.ActiveCfg = Debug|Any CPU
		{89F27D02-59D7-4CA5-A79B-7108CB1B6379}.Debug|Any CPU.Build.0 = Debug|Any CPU
		{89F27D02-59D7-4CA5-A79B-7108CB1B6379}.Release|Any CPU.ActiveCfg = Release|Any CPU
		{89F27D02-59D7-4CA5-A79B-7108CB1B6379}.Release|Any CPU.Build.0 = Release|Any CPU
	EndGlobalSection
	GlobalSection(SolutionProperties) = preSolution
		HideSolutionNode = FALSE
	EndGlobalSection
	GlobalSection(ExtensibilityGlobals) = postSolution
		SolutionGuid = {7665C76F-733B-4C43-A0B3-C40AC8CC948A}
	EndGlobalSection
EndGlobal
